// !$*UTF8*$!
{
	archiveVersion = 1;
	classes = {
	};
	objectVersion = 46;
	objects = {

/* Begin PBXBuildFile section */
		EE76B4EC152928D2007BD356 /* UIKit.framework in Frameworks */ = {isa = PBXBuildFile; fileRef = EE76B4EB152928D2007BD356 /* UIKit.framework */; };
		EE76B4EE152928D2007BD356 /* Foundation.framework in Frameworks */ = {isa = PBXBuildFile; fileRef = EE76B4ED152928D2007BD356 /* Foundation.framework */; };
		EE76B4F0152928D2007BD356 /* CoreGraphics.framework in Frameworks */ = {isa = PBXBuildFile; fileRef = EE76B4EF152928D2007BD356 /* CoreGraphics.framework */; };
		EE76B4F6152928D2007BD356 /* InfoPlist.strings in Resources */ = {isa = PBXBuildFile; fileRef = EE76B4F4152928D2007BD356 /* InfoPlist.strings */; };
		EE76B4F8152928D2007BD356 /* main.m in Sources */ = {isa = PBXBuildFile; fileRef = EE76B4F7152928D2007BD356 /* main.m */; };
		EE76B4FC152928D2007BD356 /* AppDelegate.m in Sources */ = {isa = PBXBuildFile; fileRef = EE76B4FB152928D2007BD356 /* AppDelegate.m */; };
		EE76B504152928D2007BD356 /* SenTestingKit.framework in Frameworks */ = {isa = PBXBuildFile; fileRef = EE76B503152928D2007BD356 /* SenTestingKit.framework */; };
		EE76B505152928D2007BD356 /* UIKit.framework in Frameworks */ = {isa = PBXBuildFile; fileRef = EE76B4EB152928D2007BD356 /* UIKit.framework */; };
		EE76B506152928D2007BD356 /* Foundation.framework in Frameworks */ = {isa = PBXBuildFile; fileRef = EE76B4ED152928D2007BD356 /* Foundation.framework */; };
		EE76B50E152928D2007BD356 /* InfoPlist.strings in Resources */ = {isa = PBXBuildFile; fileRef = EE76B50C152928D2007BD356 /* InfoPlist.strings */; };
		EE76B511152928D2007BD356 /* MLPTests.m in Sources */ = {isa = PBXBuildFile; fileRef = EE76B510152928D2007BD356 /* MLPTests.m */; };
/* End PBXBuildFile section */

/* Begin PBXContainerItemProxy section */
		EE76B507152928D2007BD356 /* PBXContainerItemProxy */ = {
			isa = PBXContainerItemProxy;
			containerPortal = EE76B4DE152928D2007BD356 /* Project object */;
			proxyType = 1;
			remoteGlobalIDString = EE76B4E6152928D2007BD356;
			remoteInfo = MLP;
		};
/* End PBXContainerItemProxy section */

/* Begin PBXFileReference section */
		EE76B4E7152928D2007BD356 /* MLP.app */ = {isa = PBXFileReference; explicitFileType = wrapper.application; includeInIndex = 0; path = MLP.app; sourceTree = BUILT_PRODUCTS_DIR; };
		EE76B4EB152928D2007BD356 /* UIKit.framework */ = {isa = PBXFileReference; lastKnownFileType = wrapper.framework; name = UIKit.framework; path = System/Library/Frameworks/UIKit.framework; sourceTree = SDKROOT; };
		EE76B4ED152928D2007BD356 /* Foundation.framework */ = {isa = PBXFileReference; lastKnownFileType = wrapper.framework; name = Foundation.framework; path = System/Library/Frameworks/Foundation.framework; sourceTree = SDKROOT; };
		EE76B4EF152928D2007BD356 /* CoreGraphics.framework */ = {isa = PBXFileReference; lastKnownFileType = wrapper.framework; name = CoreGraphics.framework; path = System/Library/Frameworks/CoreGraphics.framework; sourceTree = SDKROOT; };
		EE76B4F3152928D2007BD356 /* MLP-Info.plist */ = {isa = PBXFileReference; path = "MLP-Info.plist"; sourceTree = "<group>"; };
		EE76B4F5152928D2007BD356 /* en */ = {isa = PBXFileReference; lastKnownFileType = text.plist.strings; name = en; path = en.lproj/InfoPlist.strings; sourceTree = "<group>"; };
		EE76B4F7152928D2007BD356 /* main.m */ = {isa = PBXFileReference; lastKnownFileType = sourcecode.c.objc; path = main.m; sourceTree = "<group>"; };
		EE76B4F9152928D2007BD356 /* MLP-Prefix.pch */ = {isa = PBXFileReference; path = "MLP-Prefix.pch"; sourceTree = "<group>"; };
		EE76B4FA152928D2007BD356 /* AppDelegate.h */ = {isa = PBXFileReference; path = AppDelegate.h; sourceTree = "<group>"; };
		EE76B4FB152928D2007BD356 /* AppDelegate.m */ = {isa = PBXFileReference; lastKnownFileType = sourcecode.c.objc; path = AppDelegate.m; sourceTree = "<group>"; };
		EE76B502152928D2007BD356 /* MLPTests.octest */ = {isa = PBXFileReference; explicitFileType = wrapper.cfbundle; includeInIndex = 0; path = MLPTests.octest; sourceTree = BUILT_PRODUCTS_DIR; };
		EE76B503152928D2007BD356 /* SenTestingKit.framework */ = {isa = PBXFileReference; lastKnownFileType = wrapper.framework; name = SenTestingKit.framework; path = Library/Frameworks/SenTestingKit.framework; sourceTree = DEVELOPER_DIR; };
		EE76B50B152928D2007BD356 /* MLPTests-Info.plist */ = {isa = PBXFileReference; path = "MLPTests-Info.plist"; sourceTree = "<group>"; };
		EE76B50D152928D2007BD356 /* en */ = {isa = PBXFileReference; lastKnownFileType = text.plist.strings; name = en; path = en.lproj/InfoPlist.strings; sourceTree = "<group>"; };
		EE76B50F152928D2007BD356 /* MLPTests.h */ = {isa = PBXFileReference; path = MLPTests.h; sourceTree = "<group>"; };
		EE76B510152928D2007BD356 /* MLPTests.m */ = {isa = PBXFileReference; lastKnownFileType = sourcecode.c.objc; path = MLPTests.m; sourceTree = "<group>"; };
/* End PBXFileReference section */

/* Begin PBXFrameworksBuildPhase section */
		EE76B4E4152928D2007BD356 /* Frameworks */ = {
			isa = PBXFrameworksBuildPhase;
			buildActionMask = 2147483647;
			files = (
				EE76B4EC152928D2007BD356 /* UIKit.framework in Frameworks */,
				EE76B4EE152928D2007BD356 /* Foundation.framework in Frameworks */,
				EE76B4F0152928D2007BD356 /* CoreGraphics.framework in Frameworks */,
			);
			runOnlyForDeploymentPostprocessing = 0;
		};
		EE76B4FE152928D2007BD356 /* Frameworks */ = {
			isa = PBXFrameworksBuildPhase;
			buildActionMask = 2147483647;
			files = (
				EE76B504152928D2007BD356 /* SenTestingKit.framework in Frameworks */,
				EE76B505152928D2007BD356 /* UIKit.framework in Frameworks */,
				EE76B506152928D2007BD356 /* Foundation.framework in Frameworks */,
			);
			runOnlyForDeploymentPostprocessing = 0;
		};
/* End PBXFrameworksBuildPhase section */

/* Begin PBXGroup section */
		EE76B4DC152928D2007BD356 = {
			isa = PBXGroup;
			children = (
				EE76B4F1152928D2007BD356 /* MLP */,
				EE76B509152928D2007BD356 /* MLPTests */,
				EE76B4EA152928D2007BD356 /* Frameworks */,
				EE76B4E8152928D2007BD356 /* Products */,
			);
			sourceTree = "<group>";
		};
		EE76B4E8152928D2007BD356 /* Products */ = {
			isa = PBXGroup;
			children = (
				EE76B4E7152928D2007BD356 /* MLP.app */,
				EE76B502152928D2007BD356 /* MLPTests.octest */,
			);
			name = Products;
			sourceTree = "<group>";
		};
		EE76B4EA152928D2007BD356 /* Frameworks */ = {
			isa = PBXGroup;
			children = (
				EE76B4EB152928D2007BD356 /* UIKit.framework */,
				EE76B4ED152928D2007BD356 /* Foundation.framework */,
				EE76B4EF152928D2007BD356 /* CoreGraphics.framework */,
				EE76B503152928D2007BD356 /* SenTestingKit.framework */,
			);
			name = Frameworks;
			sourceTree = "<group>";
		};
		EE76B4F1152928D2007BD356 /* MLP */ = {
			isa = PBXGroup;
			children = (
				EE76B4FA152928D2007BD356 /* AppDelegate.h */,
				EE76B4FB152928D2007BD356 /* AppDelegate.m */,
				EE76B4F2152928D2007BD356 /* Supporting Files */,
			);
			path = MLP;
			sourceTree = "<group>";
		};
		EE76B4F2152928D2007BD356 /* Supporting Files */ = {
			isa = PBXGroup;
			children = (
				EE76B4F3152928D2007BD356 /* MLP-Info.plist */,
				EE76B4F4152928D2007BD356 /* InfoPlist.strings */,
				EE76B4F7152928D2007BD356 /* main.m */,
				EE76B4F9152928D2007BD356 /* MLP-Prefix.pch */,
			);
			name = "Supporting Files";
			sourceTree = "<group>";
		};
		EE76B509152928D2007BD356 /* MLPTests */ = {
			isa = PBXGroup;
			children = (
				EE76B50F152928D2007BD356 /* MLPTests.h */,
				EE76B510152928D2007BD356 /* MLPTests.m */,
				EE76B50A152928D2007BD356 /* Supporting Files */,
			);
			path = MLPTests;
			sourceTree = "<group>";
		};
		EE76B50A152928D2007BD356 /* Supporting Files */ = {
			isa = PBXGroup;
			children = (
				EE76B50B152928D2007BD356 /* MLPTests-Info.plist */,
				EE76B50C152928D2007BD356 /* InfoPlist.strings */,
			);
			name = "Supporting Files";
			sourceTree = "<group>";
		};
/* End PBXGroup section */

/* Begin PBXNativeTarget section */
		EE76B4E6152928D2007BD356 /* MLP */ = {
			isa = PBXNativeTarget;
			buildConfigurationList = EE76B514152928D2007BD356 /* Build configuration list for PBXNativeTarget "MLP" */;
			buildPhases = (
				EE76B4E3152928D2007BD356 /* Sources */,
				EE76B4E4152928D2007BD356 /* Frameworks */,
				EE76B4E5152928D2007BD356 /* Resources */,
			);
			buildRules = (
			);
			dependencies = (
			);
			name = MLP;
			productName = MLP;
			productReference = EE76B4E7152928D2007BD356 /* MLP.app */;
			productType = "com.apple.product-type.application";
		};
		EE76B501152928D2007BD356 /* MLPTests */ = {
			isa = PBXNativeTarget;
			buildConfigurationList = EE76B517152928D2007BD356 /* Build configuration list for PBXNativeTarget "MLPTests" */;
			buildPhases = (
				EE76B4FD152928D2007BD356 /* Sources */,
				EE76B4FE152928D2007BD356 /* Frameworks */,
				EE76B4FF152928D2007BD356 /* Resources */,
				EE76B500152928D2007BD356 /* ShellScript */,
			);
			buildRules = (
			);
			dependencies = (
				EE76B508152928D2007BD356 /* PBXTargetDependency */,
			);
			name = MLPTests;
			productName = MLPTests;
			productReference = EE76B502152928D2007BD356 /* MLPTests.octest */;
			productType = "com.apple.product-type.bundle";
		};
/* End PBXNativeTarget section */

/* Begin PBXProject section */
		EE76B4DE152928D2007BD356 /* Project object */ = {
			isa = PBXProject;
			attributes = {
				LastUpgradeCheck = 0430;
				ORGANIZATIONNAME = RPI;
			};
			buildConfigurationList = EE76B4E1152928D2007BD356 /* Build configuration list for PBXProject "MLP" */;
			compatibilityVersion = "Xcode 3.2";
			developmentRegion = English;
			hasScannedForEncodings = 0;
			knownRegions = (
				en,
			);
			mainGroup = EE76B4DC152928D2007BD356;
			productRefGroup = EE76B4E8152928D2007BD356 /* Products */;
			projectDirPath = "";
			projectRoot = "";
			targets = (
				EE76B4E6152928D2007BD356 /* MLP */,
				EE76B501152928D2007BD356 /* MLPTests */,
			);
		};
/* End PBXProject section */

/* Begin PBXResourcesBuildPhase section */
		EE76B4E5152928D2007BD356 /* Resources */ = {
			isa = PBXResourcesBuildPhase;
			buildActionMask = 2147483647;
			files = (
				EE76B4F6152928D2007BD356 /* InfoPlist.strings in Resources */,
			);
			runOnlyForDeploymentPostprocessing = 0;
		};
		EE76B4FF152928D2007BD356 /* Resources */ = {
			isa = PBXResourcesBuildPhase;
			buildActionMask = 2147483647;
			files = (
				EE76B50E152928D2007BD356 /* InfoPlist.strings in Resources */,
			);
			runOnlyForDeploymentPostprocessing = 0;
		};
/* End PBXResourcesBuildPhase section */

/* Begin PBXShellScriptBuildPhase section */
		EE76B500152928D2007BD356 /* ShellScript */ = {
			isa = PBXShellScriptBuildPhase;
			buildActionMask = 2147483647;
			files = (
			);
			inputPaths = (
			);
			outputPaths = (
			);
			runOnlyForDeploymentPostprocessing = 0;
			shellPath = /bin/sh;
			shellScript = "# Run the unit tests in this test bundle.\n\"${SYSTEM_DEVELOPER_DIR}/Tools/RunUnitTests\"\n";
		};
/* End PBXShellScriptBuildPhase section */

/* Begin PBXSourcesBuildPhase section */
		EE76B4E3152928D2007BD356 /* Sources */ = {
			isa = PBXSourcesBuildPhase;
			buildActionMask = 2147483647;
			files = (
				EE76B4F8152928D2007BD356 /* main.m in Sources */,
				EE76B4FC152928D2007BD356 /* AppDelegate.m in Sources */,
			);
			runOnlyForDeploymentPostprocessing = 0;
		};
		EE76B4FD152928D2007BD356 /* Sources */ = {
			isa = PBXSourcesBuildPhase;
			buildActionMask = 2147483647;
			files = (
				EE76B511152928D2007BD356 /* MLPTests.m in Sources */,
			);
			runOnlyForDeploymentPostprocessing = 0;
		};
/* End PBXSourcesBuildPhase section */

/* Begin PBXTargetDependency section */
		EE76B508152928D2007BD356 /* PBXTargetDependency */ = {
			isa = PBXTargetDependency;
			target = EE76B4E6152928D2007BD356 /* MLP */;
			targetProxy = EE76B507152928D2007BD356 /* PBXContainerItemProxy */;
		};
/* End PBXTargetDependency section */

/* Begin PBXVariantGroup section */
		EE76B4F4152928D2007BD356 /* InfoPlist.strings */ = {
			isa = PBXVariantGroup;
			children = (
				EE76B4F5152928D2007BD356 /* en */,
			);
			name = InfoPlist.strings;
			sourceTree = "<group>";
		};
		EE76B50C152928D2007BD356 /* InfoPlist.strings */ = {
			isa = PBXVariantGroup;
			children = (
				EE76B50D152928D2007BD356 /* en */,
			);
			name = InfoPlist.strings;
			sourceTree = "<group>";
		};
/* End PBXVariantGroup section */

/* Begin XCBuildConfiguration section */
		EE76B512152928D2007BD356 /* Debug */ = {
			isa = XCBuildConfiguration;
			buildSettings = {
				ALWAYS_SEARCH_USER_PATHS = NO;
				ARCHS = "$(ARCHS_STANDARD_32_BIT)";
				CLANG_ENABLE_OBJC_ARC = YES;
				"CODE_SIGN_IDENTITY[sdk=iphoneos*]" = "iPhone Developer";
				COPY_PHASE_STRIP = NO;
				GCC_C_LANGUAGE_STANDARD = gnu99;
				GCC_DYNAMIC_NO_PIC = NO;
				GCC_OPTIMIZATION_LEVEL = 0;
				GCC_PREPROCESSOR_DEFINITIONS = (
					"DEBUG=1",
					"$(inherited)",
				);
				GCC_SYMBOLS_PRIVATE_EXTERN = NO;
				GCC_VERSION = com.apple.compilers.llvm.clang.1_0;
				GCC_WARN_ABOUT_RETURN_TYPE = YES;
				GCC_WARN_UNINITIALIZED_AUTOS = YES;
				GCC_WARN_UNUSED_VARIABLE = YES;
				IPHONEOS_DEPLOYMENT_TARGET = 5.1;
				SDKROOT = iphoneos;
				TARGETED_DEVICE_FAMILY = "1,2";
			};
			name = Debug;
		};
		EE76B513152928D2007BD356 /* Release */ = {
			isa = XCBuildConfiguration;
			buildSettings = {
				ALWAYS_SEARCH_USER_PATHS = NO;
				ARCHS = "$(ARCHS_STANDARD_32_BIT)";
				CLANG_ENABLE_OBJC_ARC = YES;
				"CODE_SIGN_IDENTITY[sdk=iphoneos*]" = "iPhone Developer";
				COPY_PHASE_STRIP = YES;
				GCC_C_LANGUAGE_STANDARD = gnu99;
				GCC_VERSION = com.apple.compilers.llvm.clang.1_0;
				GCC_WARN_ABOUT_RETURN_TYPE = YES;
				GCC_WARN_UNINITIALIZED_AUTOS = YES;
				GCC_WARN_UNUSED_VARIABLE = YES;
				IPHONEOS_DEPLOYMENT_TARGET = 5.1;
				OTHER_CFLAGS = "-DNS_BLOCK_ASSERTIONS=1";
				SDKROOT = iphoneos;
				TARGETED_DEVICE_FAMILY = "1,2";
				VALIDATE_PRODUCT = YES;
			};
			name = Release;
		};
		EE76B515152928D2007BD356 /* Debug */ = {
			isa = XCBuildConfiguration;
			buildSettings = {
				GCC_PRECOMPILE_PREFIX_HEADER = YES;
				GCC_PREFIX_HEADER = "MLP/MLP-Prefix.pch";
				INFOPLIST_FILE = "MLP/MLP-Info.plist";
				PRODUCT_NAME = "$(TARGET_NAME)";
				WRAPPER_EXTENSION = app;
			};
			name = Debug;
		};
		EE76B516152928D2007BD356 /* Release */ = {
			isa = XCBuildConfiguration;
			buildSettings = {
				GCC_PRECOMPILE_PREFIX_HEADER = YES;
				GCC_PREFIX_HEADER = "MLP/MLP-Prefix.pch";
				INFOPLIST_FILE = "MLP/MLP-Info.plist";
				PRODUCT_NAME = "$(TARGET_NAME)";
				WRAPPER_EXTENSION = app;
			};
			name = Release;
		};
		EE76B518152928D2007BD356 /* Debug */ = {
			isa = XCBuildConfiguration;
			buildSettings = {
				BUNDLE_LOADER = "$(BUILT_PRODUCTS_DIR)/MLP.app/MLP";
				FRAMEWORK_SEARCH_PATHS = (
					"$(SDKROOT)/Developer/Library/Frameworks",
					"$(DEVELOPER_LIBRARY_DIR)/Frameworks",
				);
				GCC_PRECOMPILE_PREFIX_HEADER = YES;
				GCC_PREFIX_HEADER = "MLP/MLP-Prefix.pch";
				INFOPLIST_FILE = "MLPTests/MLPTests-Info.plist";
				PRODUCT_NAME = "$(TARGET_NAME)";
				TEST_HOST = "$(BUNDLE_LOADER)";
				WRAPPER_EXTENSION = octest;
			};
			name = Debug;
		};
		EE76B519152928D2007BD356 /* Release */ = {
			isa = XCBuildConfiguration;
			buildSettings = {
				BUNDLE_LOADER = "$(BUILT_PRODUCTS_DIR)/MLP.app/MLP";
				FRAMEWORK_SEARCH_PATHS = (
					"$(SDKROOT)/Developer/Library/Frameworks",
					"$(DEVELOPER_LIBRARY_DIR)/Frameworks",
				);
				GCC_PRECOMPILE_PREFIX_HEADER = YES;
				GCC_PREFIX_HEADER = "MLP/MLP-Prefix.pch";
				INFOPLIST_FILE = "MLPTests/MLPTests-Info.plist";
				PRODUCT_NAME = "$(TARGET_NAME)";
				TEST_HOST = "$(BUNDLE_LOADER)";
				WRAPPER_EXTENSION = octest;
			};
			name = Release;
		};
/* End XCBuildConfiguration section */

/* Begin XCConfigurationList section */
		EE76B4E1152928D2007BD356 /* Build configuration list for PBXProject "MLP" */ = {
			isa = XCConfigurationList;
			buildConfigurations = (
				EE76B512152928D2007BD356 /* Debug */,
				EE76B513152928D2007BD356 /* Release */,
			);
			defaultConfigurationIsVisible = 0;
			defaultConfigurationName = Release;
		};
		EE76B514152928D2007BD356 /* Build configuration list for PBXNativeTarget "MLP" */ = {
			isa = XCConfigurationList;
			buildConfigurations = (
				EE76B515152928D2007BD356 /* Debug */,
				EE76B516152928D2007BD356 /* Release */,
			);
			defaultConfigurationIsVisible = 0;
		};
		EE76B517152928D2007BD356 /* Build configuration list for PBXNativeTarget "MLPTests" */ = {
			isa = XCConfigurationList;
			buildConfigurations = (
				EE76B518152928D2007BD356 /* Debug */,
				EE76B519152928D2007BD356 /* Release */,
			);
			defaultConfigurationIsVisible = 0;
		};
/* End XCConfigurationList section */
	};
	rootObject = EE76B4DE152928D2007BD356 /* Project object */;
}
